
Microsoft Visual Studio Solution File, Format Version 12.00
# Visual Studio Version 16
VisualStudioVersion = 16.0.32228.343
MinimumVisualStudioVersion = 10.0.40219.1
Project("{FAE04EC0-301F-11D3-BF4B-00C04F79EFBC}") = "CORE_PROJECT", "CORE_PROJECT.csproj", "{57930DF9-F201-4EFD-A47D-8F92788E89A0}"
EndProject
Project("{FAE04EC0-301F-11D3-BF4B-00C04F79EFBC}") = "BusinessLayer", "..\BusinessLayer\BusinessLayer.csproj", "{293EE2B7-AFAF-40C4-AC18-C37FFE28D05D}"
EndProject
Project("{FAE04EC0-301F-11D3-BF4B-00C04F79EFBC}") = "DataAccessLayer", "..\DataAccessLayer\DataAccessLayer.csproj", "{D30638B9-73F8-4FBF-BC7B-6AEB3F77C28E}"
EndProject
Project("{FAE04EC0-301F-11D3-BF4B-00C04F79EFBC}") = "EntityLayer", "..\EntityLayer\EntityLayer.csproj", "{5649E587-41CE-4724-BF53-7814DA57A720}"
EndProject
Global
	GlobalSection(SolutionConfigurationPlatforms) = preSolution
		Debug|Any CPU = Debug|Any CPU
		Release|Any CPU = Release|Any CPU
	EndGlobalSection
	GlobalSection(ProjectConfigurationPlatforms) = postSolution
		{57930DF9-F201-4EFD-A47D-8F92788E89A0}.Debug|Any CPU.ActiveCfg = Debug|Any CPU
		{57930DF9-F201-4EFD-A47D-8F92788E89A0}.Debug|Any CPU.Build.0 = Debug|Any CPU
		{57930DF9-F201-4EFD-A47D-8F92788E89A0}.Release|Any CPU.ActiveCfg = Release|Any CPU
		{57930DF9-F201-4EFD-A47D-8F92788E89A0}.Release|Any CPU.Build.0 = Release|Any CPU
		{293EE2B7-AFAF-40C4-AC18-C37FFE28D05D}.Debug|Any CPU.ActiveCfg = Debug|Any CPU
		{293EE2B7-AFAF-40C4-AC18-C37FFE28D05D}.Debug|Any CPU.Build.0 = Debug|Any CPU
		{293EE2B7-AFAF-40C4-AC18-C37FFE28D05D}.Release|Any CPU.ActiveCfg = Release|Any CPU
		{293EE2B7-AFAF-40C4-AC18-C37FFE28D05D}.Release|Any CPU.Build.0 = Release|Any CPU
		{D30638B9-73F8-4FBF-BC7B-6AEB3F77C28E}.Debug|Any CPU.ActiveCfg = Debug|Any CPU
		{D30638B9-73F8-4FBF-BC7B-6AEB3F77C28E}.Debug|Any CPU.Build.0 = Debug|Any CPU
		{D30638B9-73F8-4FBF-BC7B-6AEB3F77C28E}.Release|Any CPU.ActiveCfg = Release|Any CPU
		{D30638B9-73F8-4FBF-BC7B-6AEB3F77C28E}.Release|Any CPU.Build.0 = Release|Any CPU
		{5649E587-41CE-4724-BF53-7814DA57A720}.Debug|Any CPU.ActiveCfg = Debug|Any CPU
		{5649E587-41CE-4724-BF53-7814DA57A720}.Debug|Any CPU.Build.0 = Debug|Any CPU
		{5649E587-41CE-4724-BF53-7814DA57A720}.Release|Any CPU.ActiveCfg = Release|Any CPU
		{5649E587-41CE-4724-BF53-7814DA57A720}.Release|Any CPU.Build.0 = Release|Any CPU
	EndGlobalSection
	GlobalSection(SolutionProperties) = preSolution
		HideSolutionNode = FALSE
	EndGlobalSection
	GlobalSection(ExtensibilityGlobals) = postSolution
		SolutionGuid = {40DD1449-6D9F-4E37-A59C-7F2EBEDCEB7F}
	EndGlobalSection
EndGlobal
